
Microsoft Visual Studio Solution File, Format Version 12.00
# Visual Studio Version 17
VisualStudioVersion = 17.6.33717.318
MinimumVisualStudioVersion = 10.0.40219.1
Project("{778DAE3C-4631-46EA-AA77-85C1314464D9}") = "PacketTransmission", "PacketTransmission\PacketTransmission.vbproj", "{A1E605B3-BE62-44D2-874E-980CBDD6E125}"
EndProject
Global
	GlobalSection(SolutionConfigurationPlatforms) = preSolution
		Debug|Any CPU = Debug|Any CPU
		Release|Any CPU = Release|Any CPU
	EndGlobalSection
	GlobalSection(ProjectConfigurationPlatforms) = postSolution
		{A1E605B3-BE62-44D2-874E-980CBDD6E125}.Debug|Any CPU.ActiveCfg = Debug|Any CPU
		{A1E605B3-BE62-44D2-874E-980CBDD6E125}.Debug|Any CPU.Build.0 = Debug|Any CPU
		{A1E605B3-BE62-44D2-874E-980CBDD6E125}.Release|Any CPU.ActiveCfg = Release|Any CPU
		{A1E605B3-BE62-44D2-874E-980CBDD6E125}.Release|Any CPU.Build.0 = Release|Any CPU
	EndGlobalSection
	GlobalSection(SolutionProperties) = preSolution
		HideSolutionNode = FALSE
	EndGlobalSection
	GlobalSection(ExtensibilityGlobals) = postSolution
		SolutionGuid = {C71EB329-4C63-4666-95C2-654C19E984A1}
	EndGlobalSection
EndGlobal
